// !$*UTF8*$!
{
	archiveVersion = 1;
	classes = {
	};
	objectVersion = 50;
	objects = {

/* Begin PBXBuildFile section */
		DE3779C32576963600D1060B /* main.m in Sources */ = {isa = PBXBuildFile; fileRef = DE3779C22576963600D1060B /* main.m */; };
		DE3779D025769BDC00D1060B /* main.m in Sources */ = {isa = PBXBuildFile; fileRef = DE3779CF25769BDC00D1060B /* main.m */; };
		DE3779DB25769BF800D1060B /* main.m in Sources */ = {isa = PBXBuildFile; fileRef = DE3779DA25769BF800D1060B /* main.m */; };
		DE3779E625769C0200D1060B /* main.m in Sources */ = {isa = PBXBuildFile; fileRef = DE3779E525769C0200D1060B /* main.m */; };
		DE40E8EC25775BB9009B05D4 /* main.m in Sources */ = {isa = PBXBuildFile; fileRef = DE40E8EB25775BB9009B05D4 /* main.m */; };
		DE40E8F225775BDB009B05D4 /* Person.m in Sources */ = {isa = PBXBuildFile; fileRef = DE40E8F125775BDB009B05D4 /* Person.m */; };
		DE40E8F525775C91009B05D4 /* Dog.m in Sources */ = {isa = PBXBuildFile; fileRef = DE40E8F425775C91009B05D4 /* Dog.m */; };
		DE40E8FD2577D93D009B05D4 /* main.m in Sources */ = {isa = PBXBuildFile; fileRef = DE40E8FC2577D93D009B05D4 /* main.m */; };
		DE40E9032577DA15009B05D4 /* Person.m in Sources */ = {isa = PBXBuildFile; fileRef = DE40E9022577DA15009B05D4 /* Person.m */; };
		DE40E9062577DB1E009B05D4 /* Woman.m in Sources */ = {isa = PBXBuildFile; fileRef = DE40E9052577DB1E009B05D4 /* Woman.m */; };
		DE40E90E2577E17E009B05D4 /* main.m in Sources */ = {isa = PBXBuildFile; fileRef = DE40E90D2577E17E009B05D4 /* main.m */; };
		DE40E9142577E920009B05D4 /* God.m in Sources */ = {isa = PBXBuildFile; fileRef = DE40E9132577E920009B05D4 /* God.m */; };
		DE40E9172577E92B009B05D4 /* Person.m in Sources */ = {isa = PBXBuildFile; fileRef = DE40E9162577E92B009B05D4 /* Person.m */; };
		DE40E920257A63F6009B05D4 /* main.m in Sources */ = {isa = PBXBuildFile; fileRef = DE40E91F257A63F6009B05D4 /* main.m */; };
		DE40E92E257BD5B3009B05D4 /* main.m in Sources */ = {isa = PBXBuildFile; fileRef = DE40E92D257BD5B3009B05D4 /* main.m */; };
		DE40E934257BD5C7009B05D4 /* Person.m in Sources */ = {isa = PBXBuildFile; fileRef = DE40E933257BD5C7009B05D4 /* Person.m */; };
		DE40E93C257C5F6D009B05D4 /* main.m in Sources */ = {isa = PBXBuildFile; fileRef = DE40E93B257C5F6D009B05D4 /* main.m */; };
		DE40E942257C5F88009B05D4 /* TimeUtils.m in Sources */ = {isa = PBXBuildFile; fileRef = DE40E941257C5F88009B05D4 /* TimeUtils.m */; };
/* End PBXBuildFile section */

/* Begin PBXCopyFilesBuildPhase section */
		DE3779BD2576963600D1060B /* CopyFiles */ = {
			isa = PBXCopyFilesBuildPhase;
			buildActionMask = 2147483647;
			dstPath = /usr/share/man/man1/;
			dstSubfolderSpec = 0;
			files = (
			);
			runOnlyForDeploymentPostprocessing = 1;
		};
		DE3779CB25769BDC00D1060B /* CopyFiles */ = {
			isa = PBXCopyFilesBuildPhase;
			buildActionMask = 2147483647;
			dstPath = /usr/share/man/man1/;
			dstSubfolderSpec = 0;
			files = (
			);
			runOnlyForDeploymentPostprocessing = 1;
		};
		DE3779D625769BF800D1060B /* CopyFiles */ = {
			isa = PBXCopyFilesBuildPhase;
			buildActionMask = 2147483647;
			dstPath = /usr/share/man/man1/;
			dstSubfolderSpec = 0;
			files = (
			);
			runOnlyForDeploymentPostprocessing = 1;
		};
		DE3779E125769C0200D1060B /* CopyFiles */ = {
			isa = PBXCopyFilesBuildPhase;
			buildActionMask = 2147483647;
			dstPath = /usr/share/man/man1/;
			dstSubfolderSpec = 0;
			files = (
			);
			runOnlyForDeploymentPostprocessing = 1;
		};
		DE40E8DC25775B84009B05D4 /* CopyFiles */ = {
			isa = PBXCopyFilesBuildPhase;
			buildActionMask = 2147483647;
			dstPath = /usr/share/man/man1/;
			dstSubfolderSpec = 0;
			files = (
			);
			runOnlyForDeploymentPostprocessing = 1;
		};
		DE40E8E725775BB9009B05D4 /* CopyFiles */ = {
			isa = PBXCopyFilesBuildPhase;
			buildActionMask = 2147483647;
			dstPath = /usr/share/man/man1/;
			dstSubfolderSpec = 0;
			files = (
			);
			runOnlyForDeploymentPostprocessing = 1;
		};
		DE40E8F82577D93D009B05D4 /* CopyFiles */ = {
			isa = PBXCopyFilesBuildPhase;
			buildActionMask = 2147483647;
			dstPath = /usr/share/man/man1/;
			dstSubfolderSpec = 0;
			files = (
			);
			runOnlyForDeploymentPostprocessing = 1;
		};
		DE40E9092577E17E009B05D4 /* CopyFiles */ = {
			isa = PBXCopyFilesBuildPhase;
			buildActionMask = 2147483647;
			dstPath = /usr/share/man/man1/;
			dstSubfolderSpec = 0;
			files = (
			);
			runOnlyForDeploymentPostprocessing = 1;
		};
		DE40E91B257A63F6009B05D4 /* CopyFiles */ = {
			isa = PBXCopyFilesBuildPhase;
			buildActionMask = 2147483647;
			dstPath = /usr/share/man/man1/;
			dstSubfolderSpec = 0;
			files = (
			);
			runOnlyForDeploymentPostprocessing = 1;
		};
		DE40E929257BD5B3009B05D4 /* CopyFiles */ = {
			isa = PBXCopyFilesBuildPhase;
			buildActionMask = 2147483647;
			dstPath = /usr/share/man/man1/;
			dstSubfolderSpec = 0;
			files = (
			);
			runOnlyForDeploymentPostprocessing = 1;
		};
		DE40E937257C5F6D009B05D4 /* CopyFiles */ = {
			isa = PBXCopyFilesBuildPhase;
			buildActionMask = 2147483647;
			dstPath = /usr/share/man/man1/;
			dstSubfolderSpec = 0;
			files = (
			);
			runOnlyForDeploymentPostprocessing = 1;
		};
/* End PBXCopyFilesBuildPhase section */

/* Begin PBXFileReference section */
		DE3779BF2576963600D1060B /* ObjectiveC_Demo3 */ = {isa = PBXFileReference; explicitFileType = "compiled.mach-o.executable"; includeInIndex = 0; path = ObjectiveC_Demo3; sourceTree = BUILT_PRODUCTS_DIR; };
		DE3779C22576963600D1060B /* main.m */ = {isa = PBXFileReference; lastKnownFileType = sourcecode.c.objc; path = main.m; sourceTree = "<group>"; };
		DE3779CD25769BDC00D1060B /* ObjectiveC_Demo4 */ = {isa = PBXFileReference; explicitFileType = "compiled.mach-o.executable"; includeInIndex = 0; path = ObjectiveC_Demo4; sourceTree = BUILT_PRODUCTS_DIR; };
		DE3779CF25769BDC00D1060B /* main.m */ = {isa = PBXFileReference; lastKnownFileType = sourcecode.c.objc; path = main.m; sourceTree = "<group>"; };
		DE3779D825769BF800D1060B /* ObjectiveC_Demo1 */ = {isa = PBXFileReference; explicitFileType = "compiled.mach-o.executable"; includeInIndex = 0; path = ObjectiveC_Demo1; sourceTree = BUILT_PRODUCTS_DIR; };
		DE3779DA25769BF800D1060B /* main.m */ = {isa = PBXFileReference; lastKnownFileType = sourcecode.c.objc; path = main.m; sourceTree = "<group>"; };
		DE3779E325769C0200D1060B /* ObjectiveC_Demo2 */ = {isa = PBXFileReference; explicitFileType = "compiled.mach-o.executable"; includeInIndex = 0; path = ObjectiveC_Demo2; sourceTree = BUILT_PRODUCTS_DIR; };
		DE3779E525769C0200D1060B /* main.m */ = {isa = PBXFileReference; lastKnownFileType = sourcecode.c.objc; path = main.m; sourceTree = "<group>"; };
		DE40E8DE25775B84009B05D4 /* ObjectiveC_Demo5 */ = {isa = PBXFileReference; explicitFileType = "compiled.mach-o.executable"; includeInIndex = 0; path = ObjectiveC_Demo5; sourceTree = BUILT_PRODUCTS_DIR; };
		DE40E8E925775BB9009B05D4 /* FileManager */ = {isa = PBXFileReference; explicitFileType = "compiled.mach-o.executable"; includeInIndex = 0; path = FileManager; sourceTree = BUILT_PRODUCTS_DIR; };
		DE40E8EB25775BB9009B05D4 /* main.m */ = {isa = PBXFileReference; lastKnownFileType = sourcecode.c.objc; path = main.m; sourceTree = "<group>"; };
		DE40E8F025775BCE009B05D4 /* Person.h */ = {isa = PBXFileReference; lastKnownFileType = sourcecode.c.h; path = Person.h; sourceTree = "<group>"; };
		DE40E8F125775BDB009B05D4 /* Person.m */ = {isa = PBXFileReference; lastKnownFileType = sourcecode.c.objc; path = Person.m; sourceTree = "<group>"; };
		DE40E8F325775C91009B05D4 /* Dog.h */ = {isa = PBXFileReference; lastKnownFileType = sourcecode.c.h; path = Dog.h; sourceTree = "<group>"; };
		DE40E8F425775C91009B05D4 /* Dog.m */ = {isa = PBXFileReference; lastKnownFileType = sourcecode.c.objc; path = Dog.m; sourceTree = "<group>"; };
		DE40E8FA2577D93D009B05D4 /* 对象与方法 */ = {isa = PBXFileReference; explicitFileType = "compiled.mach-o.executable"; includeInIndex = 0; path = "对象与方法"; sourceTree = BUILT_PRODUCTS_DIR; };
		DE40E8FC2577D93D009B05D4 /* main.m */ = {isa = PBXFileReference; lastKnownFileType = sourcecode.c.objc; path = main.m; sourceTree = "<group>"; };
		DE40E9012577DA15009B05D4 /* Person.h */ = {isa = PBXFileReference; lastKnownFileType = sourcecode.c.h; path = Person.h; sourceTree = "<group>"; };
		DE40E9022577DA15009B05D4 /* Person.m */ = {isa = PBXFileReference; lastKnownFileType = sourcecode.c.objc; path = Person.m; sourceTree = "<group>"; };
		DE40E9042577DB1E009B05D4 /* Woman.h */ = {isa = PBXFileReference; lastKnownFileType = sourcecode.c.h; path = Woman.h; sourceTree = "<group>"; };
		DE40E9052577DB1E009B05D4 /* Woman.m */ = {isa = PBXFileReference; lastKnownFileType = sourcecode.c.objc; path = Woman.m; sourceTree = "<group>"; };
		DE40E90B2577E17E009B05D4 /* 上帝杀人案例 */ = {isa = PBXFileReference; explicitFileType = "compiled.mach-o.executable"; includeInIndex = 0; path = "上帝杀人案例"; sourceTree = BUILT_PRODUCTS_DIR; };
		DE40E90D2577E17E009B05D4 /* main.m */ = {isa = PBXFileReference; lastKnownFileType = sourcecode.c.objc; path = main.m; sourceTree = "<group>"; };
		DE40E9122577E920009B05D4 /* God.h */ = {isa = PBXFileReference; lastKnownFileType = sourcecode.c.h; path = God.h; sourceTree = "<group>"; };
		DE40E9132577E920009B05D4 /* God.m */ = {isa = PBXFileReference; lastKnownFileType = sourcecode.c.objc; path = God.m; sourceTree = "<group>"; };
		DE40E9152577E92B009B05D4 /* Person.h */ = {isa = PBXFileReference; lastKnownFileType = sourcecode.c.h; path = Person.h; sourceTree = "<group>"; };
		DE40E9162577E92B009B05D4 /* Person.m */ = {isa = PBXFileReference; lastKnownFileType = sourcecode.c.objc; path = Person.m; sourceTree = "<group>"; };
		DE40E9182577E940009B05D4 /* Gender.h */ = {isa = PBXFileReference; lastKnownFileType = sourcecode.c.h; path = Gender.h; sourceTree = "<group>"; };
		DE40E91D257A63F6009B05D4 /* 石头剪刀布 */ = {isa = PBXFileReference; explicitFileType = "compiled.mach-o.executable"; includeInIndex = 0; path = "石头剪刀布"; sourceTree = BUILT_PRODUCTS_DIR; };
		DE40E91F257A63F6009B05D4 /* main.m */ = {isa = PBXFileReference; lastKnownFileType = sourcecode.c.objc; path = main.m; sourceTree = "<group>"; };
		DE40E92B257BD5B3009B05D4 /* 异常捕获与处理 */ = {isa = PBXFileReference; explicitFileType = "compiled.mach-o.executable"; includeInIndex = 0; path = "异常捕获与处理"; sourceTree = BUILT_PRODUCTS_DIR; };
		DE40E92D257BD5B3009B05D4 /* main.m */ = {isa = PBXFileReference; lastKnownFileType = sourcecode.c.objc; path = main.m; sourceTree = "<group>"; };
		DE40E932257BD5C7009B05D4 /* Person.h */ = {isa = PBXFileReference; lastKnownFileType = sourcecode.c.h; path = Person.h; sourceTree = "<group>"; };
		DE40E933257BD5C7009B05D4 /* Person.m */ = {isa = PBXFileReference; lastKnownFileType = sourcecode.c.objc; path = Person.m; sourceTree = "<group>"; };
		DE40E939257C5F6D009B05D4 /* 类方法 */ = {isa = PBXFileReference; explicitFileType = "compiled.mach-o.executable"; includeInIndex = 0; path = "类方法"; sourceTree = BUILT_PRODUCTS_DIR; };
		DE40E93B257C5F6D009B05D4 /* main.m */ = {isa = PBXFileReference; lastKnownFileType = sourcecode.c.objc; path = main.m; sourceTree = "<group>"; };
		DE40E940257C5F88009B05D4 /* TimeUtils.h */ = {isa = PBXFileReference; lastKnownFileType = sourcecode.c.h; path = TimeUtils.h; sourceTree = "<group>"; };
		DE40E941257C5F88009B05D4 /* TimeUtils.m */ = {isa = PBXFileReference; lastKnownFileType = sourcecode.c.objc; path = TimeUtils.m; sourceTree = "<group>"; };
/* End PBXFileReference section */

/* Begin PBXFrameworksBuildPhase section */
		DE3779BC2576963600D1060B /* Frameworks */ = {
			isa = PBXFrameworksBuildPhase;
			buildActionMask = 2147483647;
			files = (
			);
			runOnlyForDeploymentPostprocessing = 0;
		};
		DE3779CA25769BDC00D1060B /* Frameworks */ = {
			isa = PBXFrameworksBuildPhase;
			buildActionMask = 2147483647;
			files = (
			);
			runOnlyForDeploymentPostprocessing = 0;
		};
		DE3779D525769BF800D1060B /* Frameworks */ = {
			isa = PBXFrameworksBuildPhase;
			buildActionMask = 2147483647;
			files = (
			);
			runOnlyForDeploymentPostprocessing = 0;
		};
		DE3779E025769C0200D1060B /* Frameworks */ = {
			isa = PBXFrameworksBuildPhase;
			buildActionMask = 2147483647;
			files = (
			);
			runOnlyForDeploymentPostprocessing = 0;
		};
		DE40E8DB25775B84009B05D4 /* Frameworks */ = {
			isa = PBXFrameworksBuildPhase;
			buildActionMask = 2147483647;
			files = (
			);
			runOnlyForDeploymentPostprocessing = 0;
		};
		DE40E8E625775BB9009B05D4 /* Frameworks */ = {
			isa = PBXFrameworksBuildPhase;
			buildActionMask = 2147483647;
			files = (
			);
			runOnlyForDeploymentPostprocessing = 0;
		};
		DE40E8F72577D93D009B05D4 /* Frameworks */ = {
			isa = PBXFrameworksBuildPhase;
			buildActionMask = 2147483647;
			files = (
			);
			runOnlyForDeploymentPostprocessing = 0;
		};
		DE40E9082577E17E009B05D4 /* Frameworks */ = {
			isa = PBXFrameworksBuildPhase;
			buildActionMask = 2147483647;
			files = (
			);
			runOnlyForDeploymentPostprocessing = 0;
		};
		DE40E91A257A63F6009B05D4 /* Frameworks */ = {
			isa = PBXFrameworksBuildPhase;
			buildActionMask = 2147483647;
			files = (
			);
			runOnlyForDeploymentPostprocessing = 0;
		};
		DE40E928257BD5B3009B05D4 /* Frameworks */ = {
			isa = PBXFrameworksBuildPhase;
			buildActionMask = 2147483647;
			files = (
			);
			runOnlyForDeploymentPostprocessing = 0;
		};
		DE40E936257C5F6D009B05D4 /* Frameworks */ = {
			isa = PBXFrameworksBuildPhase;
			buildActionMask = 2147483647;
			files = (
			);
			runOnlyForDeploymentPostprocessing = 0;
		};
/* End PBXFrameworksBuildPhase section */

/* Begin PBXGroup section */
		DE3779B62576963600D1060B = {
			isa = PBXGroup;
			children = (
				DE3779D925769BF800D1060B /* ObjectiveC_Demo1 */,
				DE3779E425769C0200D1060B /* ObjectiveC_Demo2 */,
				DE3779C12576963600D1060B /* ObjectiveC_Demo3 */,
				DE3779CE25769BDC00D1060B /* ObjectiveC_Demo4 */,
				DE40E8EA25775BB9009B05D4 /* FileManager */,
				DE40E8FB2577D93D009B05D4 /* 对象与方法 */,
				DE40E90C2577E17E009B05D4 /* 上帝杀人案例 */,
				DE40E91E257A63F6009B05D4 /* 石头剪刀布 */,
				DE40E92C257BD5B3009B05D4 /* 异常捕获与处理 */,
				DE40E93A257C5F6D009B05D4 /* 类方法 */,
				DE3779C02576963600D1060B /* Products */,
			);
			sourceTree = "<group>";
		};
		DE3779C02576963600D1060B /* Products */ = {
			isa = PBXGroup;
			children = (
				DE3779BF2576963600D1060B /* ObjectiveC_Demo3 */,
				DE3779CD25769BDC00D1060B /* ObjectiveC_Demo4 */,
				DE3779D825769BF800D1060B /* ObjectiveC_Demo1 */,
				DE3779E325769C0200D1060B /* ObjectiveC_Demo2 */,
				DE40E8DE25775B84009B05D4 /* ObjectiveC_Demo5 */,
				DE40E8E925775BB9009B05D4 /* FileManager */,
				DE40E8FA2577D93D009B05D4 /* 对象与方法 */,
				DE40E90B2577E17E009B05D4 /* 上帝杀人案例 */,
				DE40E91D257A63F6009B05D4 /* 石头剪刀布 */,
				DE40E92B257BD5B3009B05D4 /* 异常捕获与处理 */,
				DE40E939257C5F6D009B05D4 /* 类方法 */,
			);
			name = Products;
			sourceTree = "<group>";
		};
		DE3779C12576963600D1060B /* ObjectiveC_Demo3 */ = {
			isa = PBXGroup;
			children = (
				DE3779C22576963600D1060B /* main.m */,
			);
			path = ObjectiveC_Demo3;
			sourceTree = "<group>";
		};
		DE3779CE25769BDC00D1060B /* ObjectiveC_Demo4 */ = {
			isa = PBXGroup;
			children = (
				DE3779CF25769BDC00D1060B /* main.m */,
			);
			path = ObjectiveC_Demo4;
			sourceTree = "<group>";
		};
		DE3779D925769BF800D1060B /* ObjectiveC_Demo1 */ = {
			isa = PBXGroup;
			children = (
				DE3779DA25769BF800D1060B /* main.m */,
			);
			path = ObjectiveC_Demo1;
			sourceTree = "<group>";
		};
		DE3779E425769C0200D1060B /* ObjectiveC_Demo2 */ = {
			isa = PBXGroup;
			children = (
				DE3779E525769C0200D1060B /* main.m */,
			);
			path = ObjectiveC_Demo2;
			sourceTree = "<group>";
		};
		DE40E8EA25775BB9009B05D4 /* FileManager */ = {
			isa = PBXGroup;
			children = (
				DE40E8EB25775BB9009B05D4 /* main.m */,
				DE40E8F025775BCE009B05D4 /* Person.h */,
				DE40E8F125775BDB009B05D4 /* Person.m */,
				DE40E8F325775C91009B05D4 /* Dog.h */,
				DE40E8F425775C91009B05D4 /* Dog.m */,
			);
			path = FileManager;
			sourceTree = "<group>";
		};
		DE40E8FB2577D93D009B05D4 /* 对象与方法 */ = {
			isa = PBXGroup;
			children = (
				DE40E8FC2577D93D009B05D4 /* main.m */,
				DE40E9012577DA15009B05D4 /* Person.h */,
				DE40E9022577DA15009B05D4 /* Person.m */,
				DE40E9042577DB1E009B05D4 /* Woman.h */,
				DE40E9052577DB1E009B05D4 /* Woman.m */,
			);
			path = "对象与方法";
			sourceTree = "<group>";
		};
		DE40E90C2577E17E009B05D4 /* 上帝杀人案例 */ = {
			isa = PBXGroup;
			children = (
				DE40E90D2577E17E009B05D4 /* main.m */,
				DE40E9122577E920009B05D4 /* God.h */,
				DE40E9132577E920009B05D4 /* God.m */,
				DE40E9152577E92B009B05D4 /* Person.h */,
				DE40E9162577E92B009B05D4 /* Person.m */,
				DE40E9182577E940009B05D4 /* Gender.h */,
			);
			path = "上帝杀人案例";
			sourceTree = "<group>";
		};
		DE40E91E257A63F6009B05D4 /* 石头剪刀布 */ = {
			isa = PBXGroup;
			children = (
				DE40E91F257A63F6009B05D4 /* main.m */,
			);
			path = "石头剪刀布";
			sourceTree = "<group>";
		};
		DE40E92C257BD5B3009B05D4 /* 异常捕获与处理 */ = {
			isa = PBXGroup;
			children = (
				DE40E92D257BD5B3009B05D4 /* main.m */,
				DE40E932257BD5C7009B05D4 /* Person.h */,
				DE40E933257BD5C7009B05D4 /* Person.m */,
			);
			path = "异常捕获与处理";
			sourceTree = "<group>";
		};
		DE40E93A257C5F6D009B05D4 /* 类方法 */ = {
			isa = PBXGroup;
			children = (
				DE40E93B257C5F6D009B05D4 /* main.m */,
				DE40E940257C5F88009B05D4 /* TimeUtils.h */,
				DE40E941257C5F88009B05D4 /* TimeUtils.m */,
			);
			path = "类方法";
			sourceTree = "<group>";
		};
/* End PBXGroup section */

/* Begin PBXNativeTarget section */
		DE3779BE2576963600D1060B /* ObjectiveC_Demo3 */ = {
			isa = PBXNativeTarget;
			buildConfigurationList = DE3779C62576963600D1060B /* Build configuration list for PBXNativeTarget "ObjectiveC_Demo3" */;
			buildPhases = (
				DE3779BB2576963600D1060B /* Sources */,
				DE3779BC2576963600D1060B /* Frameworks */,
				DE3779BD2576963600D1060B /* CopyFiles */,
			);
			buildRules = (
			);
			dependencies = (
			);
			name = ObjectiveC_Demo3;
			productName = ObjectiveC_Demo3;
			productReference = DE3779BF2576963600D1060B /* ObjectiveC_Demo3 */;
			productType = "com.apple.product-type.tool";
		};
		DE3779CC25769BDC00D1060B /* ObjectiveC_Demo4 */ = {
			isa = PBXNativeTarget;
			buildConfigurationList = DE3779D125769BDC00D1060B /* Build configuration list for PBXNativeTarget "ObjectiveC_Demo4" */;
			buildPhases = (
				DE3779C925769BDC00D1060B /* Sources */,
				DE3779CA25769BDC00D1060B /* Frameworks */,
				DE3779CB25769BDC00D1060B /* CopyFiles */,
			);
			buildRules = (
			);
			dependencies = (
			);
			name = ObjectiveC_Demo4;
			productName = ObjectiveC_Demo4;
			productReference = DE3779CD25769BDC00D1060B /* ObjectiveC_Demo4 */;
			productType = "com.apple.product-type.tool";
		};
		DE3779D725769BF800D1060B /* ObjectiveC_Demo1 */ = {
			isa = PBXNativeTarget;
			buildConfigurationList = DE3779DC25769BF800D1060B /* Build configuration list for PBXNativeTarget "ObjectiveC_Demo1" */;
			buildPhases = (
				DE3779D425769BF800D1060B /* Sources */,
				DE3779D525769BF800D1060B /* Frameworks */,
				DE3779D625769BF800D1060B /* CopyFiles */,
			);
			buildRules = (
			);
			dependencies = (
			);
			name = ObjectiveC_Demo1;
			productName = ObjectiveC_Demo1;
			productReference = DE3779D825769BF800D1060B /* ObjectiveC_Demo1 */;
			productType = "com.apple.product-type.tool";
		};
		DE3779E225769C0200D1060B /* ObjectiveC_Demo2 */ = {
			isa = PBXNativeTarget;
			buildConfigurationList = DE3779E725769C0200D1060B /* Build configuration list for PBXNativeTarget "ObjectiveC_Demo2" */;
			buildPhases = (
				DE3779DF25769C0200D1060B /* Sources */,
				DE3779E025769C0200D1060B /* Frameworks */,
				DE3779E125769C0200D1060B /* CopyFiles */,
			);
			buildRules = (
			);
			dependencies = (
			);
			name = ObjectiveC_Demo2;
			productName = ObjectiveC_Demo2;
			productReference = DE3779E325769C0200D1060B /* ObjectiveC_Demo2 */;
			productType = "com.apple.product-type.tool";
		};
		DE40E8DD25775B84009B05D4 /* ObjectiveC_Demo5 */ = {
			isa = PBXNativeTarget;
			buildConfigurationList = DE40E8E225775B84009B05D4 /* Build configuration list for PBXNativeTarget "ObjectiveC_Demo5" */;
			buildPhases = (
				DE40E8DA25775B84009B05D4 /* Sources */,
				DE40E8DB25775B84009B05D4 /* Frameworks */,
				DE40E8DC25775B84009B05D4 /* CopyFiles */,
			);
			buildRules = (
			);
			dependencies = (
			);
			name = ObjectiveC_Demo5;
			productName = ObjectiveC_Demo5;
			productReference = DE40E8DE25775B84009B05D4 /* ObjectiveC_Demo5 */;
			productType = "com.apple.product-type.tool";
		};
		DE40E8E825775BB9009B05D4 /* FileManager */ = {
			isa = PBXNativeTarget;
			buildConfigurationList = DE40E8ED25775BB9009B05D4 /* Build configuration list for PBXNativeTarget "FileManager" */;
			buildPhases = (
				DE40E8E525775BB9009B05D4 /* Sources */,
				DE40E8E625775BB9009B05D4 /* Frameworks */,
				DE40E8E725775BB9009B05D4 /* CopyFiles */,
			);
			buildRules = (
			);
			dependencies = (
			);
			name = FileManager;
			productName = FileManager;
			productReference = DE40E8E925775BB9009B05D4 /* FileManager */;
			productType = "com.apple.product-type.tool";
		};
		DE40E8F92577D93D009B05D4 /* 对象与方法 */ = {
			isa = PBXNativeTarget;
			buildConfigurationList = DE40E9002577D93D009B05D4 /* Build configuration list for PBXNativeTarget "对象与方法" */;
			buildPhases = (
				DE40E8F62577D93D009B05D4 /* Sources */,
				DE40E8F72577D93D009B05D4 /* Frameworks */,
				DE40E8F82577D93D009B05D4 /* CopyFiles */,
			);
			buildRules = (
			);
			dependencies = (
			);
			name = "对象与方法";
			productName = "对象与方法";
			productReference = DE40E8FA2577D93D009B05D4 /* 对象与方法 */;
			productType = "com.apple.product-type.tool";
		};
		DE40E90A2577E17E009B05D4 /* 上帝杀人案例 */ = {
			isa = PBXNativeTarget;
			buildConfigurationList = DE40E90F2577E17E009B05D4 /* Build configuration list for PBXNativeTarget "上帝杀人案例" */;
			buildPhases = (
				DE40E9072577E17E009B05D4 /* Sources */,
				DE40E9082577E17E009B05D4 /* Frameworks */,
				DE40E9092577E17E009B05D4 /* CopyFiles */,
			);
			buildRules = (
			);
			dependencies = (
			);
			name = "上帝杀人案例";
			productName = "上帝杀人案例";
			productReference = DE40E90B2577E17E009B05D4 /* 上帝杀人案例 */;
			productType = "com.apple.product-type.tool";
		};
		DE40E91C257A63F6009B05D4 /* 石头剪刀布 */ = {
			isa = PBXNativeTarget;
			buildConfigurationList = DE40E921257A63F6009B05D4 /* Build configuration list for PBXNativeTarget "石头剪刀布" */;
			buildPhases = (
				DE40E919257A63F6009B05D4 /* Sources */,
				DE40E91A257A63F6009B05D4 /* Frameworks */,
				DE40E91B257A63F6009B05D4 /* CopyFiles */,
			);
			buildRules = (
			);
			dependencies = (
			);
			name = "石头剪刀布";
			productName = "石头剪刀布";
			productReference = DE40E91D257A63F6009B05D4 /* 石头剪刀布 */;
			productType = "com.apple.product-type.tool";
		};
		DE40E92A257BD5B3009B05D4 /* 异常捕获与处理 */ = {
			isa = PBXNativeTarget;
			buildConfigurationList = DE40E92F257BD5B3009B05D4 /* Build configuration list for PBXNativeTarget "异常捕获与处理" */;
			buildPhases = (
				DE40E927257BD5B3009B05D4 /* Sources */,
				DE40E928257BD5B3009B05D4 /* Frameworks */,
				DE40E929257BD5B3009B05D4 /* CopyFiles */,
			);
			buildRules = (
			);
			dependencies = (
			);
			name = "异常捕获与处理";
			productName = "异常捕获与处理";
			productReference = DE40E92B257BD5B3009B05D4 /* 异常捕获与处理 */;
			productType = "com.apple.product-type.tool";
		};
		DE40E938257C5F6D009B05D4 /* 类方法 */ = {
			isa = PBXNativeTarget;
			buildConfigurationList = DE40E93D257C5F6D009B05D4 /* Build configuration list for PBXNativeTarget "类方法" */;
			buildPhases = (
				DE40E935257C5F6D009B05D4 /* Sources */,
				DE40E936257C5F6D009B05D4 /* Frameworks */,
				DE40E937257C5F6D009B05D4 /* CopyFiles */,
			);
			buildRules = (
			);
			dependencies = (
			);
			name = "类方法";
			productName = "类方法";
			productReference = DE40E939257C5F6D009B05D4 /* 类方法 */;
			productType = "com.apple.product-type.tool";
		};
/* End PBXNativeTarget section */

/* Begin PBXProject section */
		DE3779B72576963600D1060B /* Project object */ = {
			isa = PBXProject;
			attributes = {
				LastUpgradeCheck = 1160;
				ORGANIZATIONNAME = "朱勇";
				TargetAttributes = {
					DE3779BE2576963600D1060B = {
						CreatedOnToolsVersion = 11.6;
					};
					DE3779CC25769BDC00D1060B = {
						CreatedOnToolsVersion = 11.6;
					};
					DE3779D725769BF800D1060B = {
						CreatedOnToolsVersion = 11.6;
					};
					DE3779E225769C0200D1060B = {
						CreatedOnToolsVersion = 11.6;
					};
					DE40E8DD25775B84009B05D4 = {
						CreatedOnToolsVersion = 11.6;
					};
					DE40E8E825775BB9009B05D4 = {
						CreatedOnToolsVersion = 11.6;
					};
					DE40E8F92577D93D009B05D4 = {
						CreatedOnToolsVersion = 11.6;
					};
					DE40E90A2577E17E009B05D4 = {
						CreatedOnToolsVersion = 11.6;
					};
					DE40E91C257A63F6009B05D4 = {
						CreatedOnToolsVersion = 11.6;
					};
					DE40E92A257BD5B3009B05D4 = {
						CreatedOnToolsVersion = 11.6;
					};
					DE40E938257C5F6D009B05D4 = {
						CreatedOnToolsVersion = 11.6;
					};
				};
			};
			buildConfigurationList = DE3779BA2576963600D1060B /* Build configuration list for PBXProject "ObjectiveC_Demo" */;
			compatibilityVersion = "Xcode 9.3";
			developmentRegion = en;
			hasScannedForEncodings = 0;
			knownRegions = (
				en,
				Base,
			);
			mainGroup = DE3779B62576963600D1060B;
			productRefGroup = DE3779C02576963600D1060B /* Products */;
			projectDirPath = "";
			projectRoot = "";
			targets = (
				DE3779D725769BF800D1060B /* ObjectiveC_Demo1 */,
				DE3779E225769C0200D1060B /* ObjectiveC_Demo2 */,
				DE3779BE2576963600D1060B /* ObjectiveC_Demo3 */,
				DE3779CC25769BDC00D1060B /* ObjectiveC_Demo4 */,
				DE40E8DD25775B84009B05D4 /* ObjectiveC_Demo5 */,
				DE40E8E825775BB9009B05D4 /* FileManager */,
				DE40E8F92577D93D009B05D4 /* 对象与方法 */,
				DE40E90A2577E17E009B05D4 /* 上帝杀人案例 */,
				DE40E91C257A63F6009B05D4 /* 石头剪刀布 */,
				DE40E92A257BD5B3009B05D4 /* 异常捕获与处理 */,
				DE40E938257C5F6D009B05D4 /* 类方法 */,
			);
		};
/* End PBXProject section */

/* Begin PBXSourcesBuildPhase section */
		DE3779BB2576963600D1060B /* Sources */ = {
			isa = PBXSourcesBuildPhase;
			buildActionMask = 2147483647;
			files = (
				DE3779C32576963600D1060B /* main.m in Sources */,
			);
			runOnlyForDeploymentPostprocessing = 0;
		};
		DE3779C925769BDC00D1060B /* Sources */ = {
			isa = PBXSourcesBuildPhase;
			buildActionMask = 2147483647;
			files = (
				DE3779D025769BDC00D1060B /* main.m in Sources */,
			);
			runOnlyForDeploymentPostprocessing = 0;
		};
		DE3779D425769BF800D1060B /* Sources */ = {
			isa = PBXSourcesBuildPhase;
			buildActionMask = 2147483647;
			files = (
				DE3779DB25769BF800D1060B /* main.m in Sources */,
			);
			runOnlyForDeploymentPostprocessing = 0;
		};
		DE3779DF25769C0200D1060B /* Sources */ = {
			isa = PBXSourcesBuildPhase;
			buildActionMask = 2147483647;
			files = (
				DE3779E625769C0200D1060B /* main.m in Sources */,
			);
			runOnlyForDeploymentPostprocessing = 0;
		};
		DE40E8DA25775B84009B05D4 /* Sources */ = {
			isa = PBXSourcesBuildPhase;
			buildActionMask = 2147483647;
			files = (
			);
			runOnlyForDeploymentPostprocessing = 0;
		};
		DE40E8E525775BB9009B05D4 /* Sources */ = {
			isa = PBXSourcesBuildPhase;
			buildActionMask = 2147483647;
			files = (
				DE40E8F525775C91009B05D4 /* Dog.m in Sources */,
				DE40E8F225775BDB009B05D4 /* Person.m in Sources */,
				DE40E8EC25775BB9009B05D4 /* main.m in Sources */,
			);
			runOnlyForDeploymentPostprocessing = 0;
		};
		DE40E8F62577D93D009B05D4 /* Sources */ = {
			isa = PBXSourcesBuildPhase;
			buildActionMask = 2147483647;
			files = (
				DE40E9062577DB1E009B05D4 /* Woman.m in Sources */,
				DE40E9032577DA15009B05D4 /* Person.m in Sources */,
				DE40E8FD2577D93D009B05D4 /* main.m in Sources */,
			);
			runOnlyForDeploymentPostprocessing = 0;
		};
		DE40E9072577E17E009B05D4 /* Sources */ = {
			isa = PBXSourcesBuildPhase;
			buildActionMask = 2147483647;
			files = (
				DE40E9172577E92B009B05D4 /* Person.m in Sources */,
				DE40E9142577E920009B05D4 /* God.m in Sources */,
				DE40E90E2577E17E009B05D4 /* main.m in Sources */,
			);
			runOnlyForDeploymentPostprocessing = 0;
		};
		DE40E919257A63F6009B05D4 /* Sources */ = {
			isa = PBXSourcesBuildPhase;
			buildActionMask = 2147483647;
			files = (
				DE40E920257A63F6009B05D4 /* main.m in Sources */,
			);
			runOnlyForDeploymentPostprocessing = 0;
		};
		DE40E927257BD5B3009B05D4 /* Sources */ = {
			isa = PBXSourcesBuildPhase;
			buildActionMask = 2147483647;
			files = (
				DE40E934257BD5C7009B05D4 /* Person.m in Sources */,
				DE40E92E257BD5B3009B05D4 /* main.m in Sources */,
			);
			runOnlyForDeploymentPostprocessing = 0;
		};
		DE40E935257C5F6D009B05D4 /* Sources */ = {
			isa = PBXSourcesBuildPhase;
			buildActionMask = 2147483647;
			files = (
				DE40E942257C5F88009B05D4 /* TimeUtils.m in Sources */,
				DE40E93C257C5F6D009B05D4 /* main.m in Sources */,
			);
			runOnlyForDeploymentPostprocessing = 0;
		};
/* End PBXSourcesBuildPhase section */

/* Begin XCBuildConfiguration section */
		DE3779C42576963600D1060B /* Debug */ = {
			isa = XCBuildConfiguration;
			buildSettings = {
				ALWAYS_SEARCH_USER_PATHS = NO;
				CLANG_ANALYZER_NONNULL = YES;
				CLANG_ANALYZER_NUMBER_OBJECT_CONVERSION = YES_AGGRESSIVE;
				CLANG_CXX_LANGUAGE_STANDARD = "gnu++14";
				CLANG_CXX_LIBRARY = "libc++";
				CLANG_ENABLE_MODULES = YES;
				CLANG_ENABLE_OBJC_ARC = YES;
				CLANG_ENABLE_OBJC_WEAK = YES;
				CLANG_WARN_BLOCK_CAPTURE_AUTORELEASING = YES;
				CLANG_WARN_BOOL_CONVERSION = YES;
				CLANG_WARN_COMMA = YES;
				CLANG_WARN_CONSTANT_CONVERSION = YES;
				CLANG_WARN_DEPRECATED_OBJC_IMPLEMENTATIONS = YES;
				CLANG_WARN_DIRECT_OBJC_ISA_USAGE = YES_ERROR;
				CLANG_WARN_DOCUMENTATION_COMMENTS = YES;
				CLANG_WARN_EMPTY_BODY = YES;
				CLANG_WARN_ENUM_CONVERSION = YES;
				CLANG_WARN_INFINITE_RECURSION = YES;
				CLANG_WARN_INT_CONVERSION = YES;
				CLANG_WARN_NON_LITERAL_NULL_CONVERSION = YES;
				CLANG_WARN_OBJC_IMPLICIT_RETAIN_SELF = YES;
				CLANG_WARN_OBJC_LITERAL_CONVERSION = YES;
				CLANG_WARN_OBJC_ROOT_CLASS = YES_ERROR;
				CLANG_WARN_RANGE_LOOP_ANALYSIS = YES;
				CLANG_WARN_STRICT_PROTOTYPES = YES;
				CLANG_WARN_SUSPICIOUS_MOVE = YES;
				CLANG_WARN_UNGUARDED_AVAILABILITY = YES_AGGRESSIVE;
				CLANG_WARN_UNREACHABLE_CODE = YES;
				CLANG_WARN__DUPLICATE_METHOD_MATCH = YES;
				COPY_PHASE_STRIP = NO;
				DEBUG_INFORMATION_FORMAT = dwarf;
				ENABLE_STRICT_OBJC_MSGSEND = YES;
				ENABLE_TESTABILITY = YES;
				GCC_C_LANGUAGE_STANDARD = gnu11;
				GCC_DYNAMIC_NO_PIC = NO;
				GCC_NO_COMMON_BLOCKS = YES;
				GCC_OPTIMIZATION_LEVEL = 0;
				GCC_PREPROCESSOR_DEFINITIONS = (
					"DEBUG=1",
					"$(inherited)",
				);
				GCC_WARN_64_TO_32_BIT_CONVERSION = YES;
				GCC_WARN_ABOUT_RETURN_TYPE = YES_ERROR;
				GCC_WARN_UNDECLARED_SELECTOR = YES;
				GCC_WARN_UNINITIALIZED_AUTOS = YES_AGGRESSIVE;
				GCC_WARN_UNUSED_FUNCTION = YES;
				GCC_WARN_UNUSED_VARIABLE = YES;
				MACOSX_DEPLOYMENT_TARGET = 10.16;
				MTL_ENABLE_DEBUG_INFO = INCLUDE_SOURCE;
				MTL_FAST_MATH = YES;
				ONLY_ACTIVE_ARCH = YES;
				SDKROOT = macosx;
			};
			name = Debug;
		};
		DE3779C52576963600D1060B /* Release */ = {
			isa = XCBuildConfiguration;
			buildSettings = {
				ALWAYS_SEARCH_USER_PATHS = NO;
				CLANG_ANALYZER_NONNULL = YES;
				CLANG_ANALYZER_NUMBER_OBJECT_CONVERSION = YES_AGGRESSIVE;
				CLANG_CXX_LANGUAGE_STANDARD = "gnu++14";
				CLANG_CXX_LIBRARY = "libc++";
				CLANG_ENABLE_MODULES = YES;
				CLANG_ENABLE_OBJC_ARC = YES;
				CLANG_ENABLE_OBJC_WEAK = YES;
				CLANG_WARN_BLOCK_CAPTURE_AUTORELEASING = YES;
				CLANG_WARN_BOOL_CONVERSION = YES;
				CLANG_WARN_COMMA = YES;
				CLANG_WARN_CONSTANT_CONVERSION = YES;
				CLANG_WARN_DEPRECATED_OBJC_IMPLEMENTATIONS = YES;
				CLANG_WARN_DIRECT_OBJC_ISA_USAGE = YES_ERROR;
				CLANG_WARN_DOCUMENTATION_COMMENTS = YES;
				CLANG_WARN_EMPTY_BODY = YES;
				CLANG_WARN_ENUM_CONVERSION = YES;
				CLANG_WARN_INFINITE_RECURSION = YES;
				CLANG_WARN_INT_CONVERSION = YES;
				CLANG_WARN_NON_LITERAL_NULL_CONVERSION = YES;
				CLANG_WARN_OBJC_IMPLICIT_RETAIN_SELF = YES;
				CLANG_WARN_OBJC_LITERAL_CONVERSION = YES;
				CLANG_WARN_OBJC_ROOT_CLASS = YES_ERROR;
				CLANG_WARN_RANGE_LOOP_ANALYSIS = YES;
				CLANG_WARN_STRICT_PROTOTYPES = YES;
				CLANG_WARN_SUSPICIOUS_MOVE = YES;
				CLANG_WARN_UNGUARDED_AVAILABILITY = YES_AGGRESSIVE;
				CLANG_WARN_UNREACHABLE_CODE = YES;
				CLANG_WARN__DUPLICATE_METHOD_MATCH = YES;
				COPY_PHASE_STRIP = NO;
				DEBUG_INFORMATION_FORMAT = "dwarf-with-dsym";
				ENABLE_NS_ASSERTIONS = NO;
				ENABLE_STRICT_OBJC_MSGSEND = YES;
				GCC_C_LANGUAGE_STANDARD = gnu11;
				GCC_NO_COMMON_BLOCKS = YES;
				GCC_WARN_64_TO_32_BIT_CONVERSION = YES;
				GCC_WARN_ABOUT_RETURN_TYPE = YES_ERROR;
				GCC_WARN_UNDECLARED_SELECTOR = YES;
				GCC_WARN_UNINITIALIZED_AUTOS = YES_AGGRESSIVE;
				GCC_WARN_UNUSED_FUNCTION = YES;
				GCC_WARN_UNUSED_VARIABLE = YES;
				MACOSX_DEPLOYMENT_TARGET = 10.16;
				MTL_ENABLE_DEBUG_INFO = NO;
				MTL_FAST_MATH = YES;
				SDKROOT = macosx;
			};
			name = Release;
		};
		DE3779C72576963600D1060B /* Debug */ = {
			isa = XCBuildConfiguration;
			buildSettings = {
				CODE_SIGN_STYLE = Automatic;
				PRODUCT_NAME = "$(TARGET_NAME)";
			};
			name = Debug;
		};
		DE3779C82576963600D1060B /* Release */ = {
			isa = XCBuildConfiguration;
			buildSettings = {
				CODE_SIGN_STYLE = Automatic;
				PRODUCT_NAME = "$(TARGET_NAME)";
			};
			name = Release;
		};
		DE3779D225769BDC00D1060B /* Debug */ = {
			isa = XCBuildConfiguration;
			buildSettings = {
				CODE_SIGN_STYLE = Automatic;
				PRODUCT_NAME = "$(TARGET_NAME)";
			};
			name = Debug;
		};
		DE3779D325769BDC00D1060B /* Release */ = {
			isa = XCBuildConfiguration;
			buildSettings = {
				CODE_SIGN_STYLE = Automatic;
				PRODUCT_NAME = "$(TARGET_NAME)";
			};
			name = Release;
		};
		DE3779DD25769BF800D1060B /* Debug */ = {
			isa = XCBuildConfiguration;
			buildSettings = {
				CODE_SIGN_STYLE = Automatic;
				PRODUCT_NAME = "$(TARGET_NAME)";
			};
			name = Debug;
		};
		DE3779DE25769BF800D1060B /* Release */ = {
			isa = XCBuildConfiguration;
			buildSettings = {
				CODE_SIGN_STYLE = Automatic;
				PRODUCT_NAME = "$(TARGET_NAME)";
			};
			name = Release;
		};
		DE3779E825769C0200D1060B /* Debug */ = {
			isa = XCBuildConfiguration;
			buildSettings = {
				CODE_SIGN_STYLE = Automatic;
				PRODUCT_NAME = "$(TARGET_NAME)";
			};
			name = Debug;
		};
		DE3779E925769C0200D1060B /* Release */ = {
			isa = XCBuildConfiguration;
			buildSettings = {
				CODE_SIGN_STYLE = Automatic;
				PRODUCT_NAME = "$(TARGET_NAME)";
			};
			name = Release;
		};
		DE40E8E325775B84009B05D4 /* Debug */ = {
			isa = XCBuildConfiguration;
			buildSettings = {
				CODE_SIGN_STYLE = Automatic;
				PRODUCT_NAME = "$(TARGET_NAME)";
			};
			name = Debug;
		};
		DE40E8E425775B84009B05D4 /* Release */ = {
			isa = XCBuildConfiguration;
			buildSettings = {
				CODE_SIGN_STYLE = Automatic;
				PRODUCT_NAME = "$(TARGET_NAME)";
			};
			name = Release;
		};
		DE40E8EE25775BB9009B05D4 /* Debug */ = {
			isa = XCBuildConfiguration;
			buildSettings = {
				CODE_SIGN_STYLE = Automatic;
				PRODUCT_NAME = "$(TARGET_NAME)";
			};
			name = Debug;
		};
		DE40E8EF25775BB9009B05D4 /* Release */ = {
			isa = XCBuildConfiguration;
			buildSettings = {
				CODE_SIGN_STYLE = Automatic;
				PRODUCT_NAME = "$(TARGET_NAME)";
			};
			name = Release;
		};
		DE40E8FE2577D93D009B05D4 /* Debug */ = {
			isa = XCBuildConfiguration;
			buildSettings = {
				CODE_SIGN_STYLE = Automatic;
				PRODUCT_NAME = "$(TARGET_NAME)";
			};
			name = Debug;
		};
		DE40E8FF2577D93D009B05D4 /* Release */ = {
			isa = XCBuildConfiguration;
			buildSettings = {
				CODE_SIGN_STYLE = Automatic;
				PRODUCT_NAME = "$(TARGET_NAME)";
			};
			name = Release;
		};
		DE40E9102577E17E009B05D4 /* Debug */ = {
			isa = XCBuildConfiguration;
			buildSettings = {
				CODE_SIGN_STYLE = Automatic;
				PRODUCT_NAME = "$(TARGET_NAME)";
			};
			name = Debug;
		};
		DE40E9112577E17E009B05D4 /* Release */ = {
			isa = XCBuildConfiguration;
			buildSettings = {
				CODE_SIGN_STYLE = Automatic;
				PRODUCT_NAME = "$(TARGET_NAME)";
			};
			name = Release;
		};
		DE40E922257A63F6009B05D4 /* Debug */ = {
			isa = XCBuildConfiguration;
			buildSettings = {
				CODE_SIGN_STYLE = Automatic;
				PRODUCT_NAME = "$(TARGET_NAME)";
			};
			name = Debug;
		};
		DE40E923257A63F6009B05D4 /* Release */ = {
			isa = XCBuildConfiguration;
			buildSettings = {
				CODE_SIGN_STYLE = Automatic;
				PRODUCT_NAME = "$(TARGET_NAME)";
			};
			name = Release;
		};
		DE40E930257BD5B3009B05D4 /* Debug */ = {
			isa = XCBuildConfiguration;
			buildSettings = {
				CODE_SIGN_STYLE = Automatic;
				PRODUCT_NAME = "$(TARGET_NAME)";
			};
			name = Debug;
		};
		DE40E931257BD5B3009B05D4 /* Release */ = {
			isa = XCBuildConfiguration;
			buildSettings = {
				CODE_SIGN_STYLE = Automatic;
				PRODUCT_NAME = "$(TARGET_NAME)";
			};
			name = Release;
		};
		DE40E93E257C5F6D009B05D4 /* Debug */ = {
			isa = XCBuildConfiguration;
			buildSettings = {
				CODE_SIGN_STYLE = Automatic;
				PRODUCT_NAME = "$(TARGET_NAME)";
			};
			name = Debug;
		};
		DE40E93F257C5F6D009B05D4 /* Release */ = {
			isa = XCBuildConfiguration;
			buildSettings = {
				CODE_SIGN_STYLE = Automatic;
				PRODUCT_NAME = "$(TARGET_NAME)";
			};
			name = Release;
		};
/* End XCBuildConfiguration section */

/* Begin XCConfigurationList section */
		DE3779BA2576963600D1060B /* Build configuration list for PBXProject "ObjectiveC_Demo" */ = {
			isa = XCConfigurationList;
			buildConfigurations = (
				DE3779C42576963600D1060B /* Debug */,
				DE3779C52576963600D1060B /* Release */,
			);
			defaultConfigurationIsVisible = 0;
			defaultConfigurationName = Release;
		};
		DE3779C62576963600D1060B /* Build configuration list for PBXNativeTarget "ObjectiveC_Demo3" */ = {
			isa = XCConfigurationList;
			buildConfigurations = (
				DE3779C72576963600D1060B /* Debug */,
				DE3779C82576963600D1060B /* Release */,
			);
			defaultConfigurationIsVisible = 0;
			defaultConfigurationName = Release;
		};
		DE3779D125769BDC00D1060B /* Build configuration list for PBXNativeTarget "ObjectiveC_Demo4" */ = {
			isa = XCConfigurationList;
			buildConfigurations = (
				DE3779D225769BDC00D1060B /* Debug */,
				DE3779D325769BDC00D1060B /* Release */,
			);
			defaultConfigurationIsVisible = 0;
			defaultConfigurationName = Release;
		};
		DE3779DC25769BF800D1060B /* Build configuration list for PBXNativeTarget "ObjectiveC_Demo1" */ = {
			isa = XCConfigurationList;
			buildConfigurations = (
				DE3779DD25769BF800D1060B /* Debug */,
				DE3779DE25769BF800D1060B /* Release */,
			);
			defaultConfigurationIsVisible = 0;
			defaultConfigurationName = Release;
		};
		DE3779E725769C0200D1060B /* Build configuration list for PBXNativeTarget "ObjectiveC_Demo2" */ = {
			isa = XCConfigurationList;
			buildConfigurations = (
				DE3779E825769C0200D1060B /* Debug */,
				DE3779E925769C0200D1060B /* Release */,
			);
			defaultConfigurationIsVisible = 0;
			defaultConfigurationName = Release;
		};
		DE40E8E225775B84009B05D4 /* Build configuration list for PBXNativeTarget "ObjectiveC_Demo5" */ = {
			isa = XCConfigurationList;
			buildConfigurations = (
				DE40E8E325775B84009B05D4 /* Debug */,
				DE40E8E425775B84009B05D4 /* Release */,
			);
			defaultConfigurationIsVisible = 0;
			defaultConfigurationName = Release;
		};
		DE40E8ED25775BB9009B05D4 /* Build configuration list for PBXNativeTarget "FileManager" */ = {
			isa = XCConfigurationList;
			buildConfigurations = (
				DE40E8EE25775BB9009B05D4 /* Debug */,
				DE40E8EF25775BB9009B05D4 /* Release */,
			);
			defaultConfigurationIsVisible = 0;
			defaultConfigurationName = Release;
		};
		DE40E9002577D93D009B05D4 /* Build configuration list for PBXNativeTarget "对象与方法" */ = {
			isa = XCConfigurationList;
			buildConfigurations = (
				DE40E8FE2577D93D009B05D4 /* Debug */,
				DE40E8FF2577D93D009B05D4 /* Release */,
			);
			defaultConfigurationIsVisible = 0;
			defaultConfigurationName = Release;
		};
		DE40E90F2577E17E009B05D4 /* Build configuration list for PBXNativeTarget "上帝杀人案例" */ = {
			isa = XCConfigurationList;
			buildConfigurations = (
				DE40E9102577E17E009B05D4 /* Debug */,
				DE40E9112577E17E009B05D4 /* Release */,
			);
			defaultConfigurationIsVisible = 0;
			defaultConfigurationName = Release;
		};
		DE40E921257A63F6009B05D4 /* Build configuration list for PBXNativeTarget "石头剪刀布" */ = {
			isa = XCConfigurationList;
			buildConfigurations = (
				DE40E922257A63F6009B05D4 /* Debug */,
				DE40E923257A63F6009B05D4 /* Release */,
			);
			defaultConfigurationIsVisible = 0;
			defaultConfigurationName = Release;
		};
		DE40E92F257BD5B3009B05D4 /* Build configuration list for PBXNativeTarget "异常捕获与处理" */ = {
			isa = XCConfigurationList;
			buildConfigurations = (
				DE40E930257BD5B3009B05D4 /* Debug */,
				DE40E931257BD5B3009B05D4 /* Release */,
			);
			defaultConfigurationIsVisible = 0;
			defaultConfigurationName = Release;
		};
		DE40E93D257C5F6D009B05D4 /* Build configuration list for PBXNativeTarget "类方法" */ = {
			isa = XCConfigurationList;
			buildConfigurations = (
				DE40E93E257C5F6D009B05D4 /* Debug */,
				DE40E93F257C5F6D009B05D4 /* Release */,
			);
			defaultConfigurationIsVisible = 0;
			defaultConfigurationName = Release;
		};
/* End XCConfigurationList section */
	};
	rootObject = DE3779B72576963600D1060B /* Project object */;
}
